<?xml version="1.0" encoding="utf-8"?>
<Project ToolsVersion="4.0" xmlns="http://schemas.microsoft.com/developer/msbuild/2003">
  <ItemGroup>
    <Filter Include="detail">
      <UniqueIdentifier>{7b05968f-c9c8-4797-8827-7d47e8d64665}</UniqueIdentifier>
    </Filter>
    <Filter Include="tests">
      <UniqueIdentifier>{b8932297-44d4-4e9f-b95d-9733535efed7}</UniqueIdentifier>
    </Filter>
  </ItemGroup>
  <ItemGroup>
    <ClInclude Include="conditionally_enabled_event.hpp">
      <Filter>detail</Filter>
    </ClInclude>
    <ClInclude Include="conditionally_enabled_mutex.hpp">
      <Filter>detail</Filter>
    </ClInclude>
    <ClInclude Include="thread_group.hpp">
      <Filter>detail</Filter>
    </ClInclude>
    <ClInclude Include="object_pool.hpp">
      <Filter>detail</Filter>
    </ClInclude>
    <ClInclude Include="op_queue.hpp">
      <Filter>detail</Filter>
    </ClInclude>
    <ClInclude Include="event.hpp">
      <Filter>detail</Filter>
    </ClInclude>
    <ClInclude Include="mutex.hpp">
      <Filter>detail</Filter>
    </ClInclude>
    <ClInclude Include="noncopyable.hpp">
      <Filter>detail</Filter>
    </ClInclude>
    <ClInclude Include="scoped_lock.hpp">
      <Filter>detail</Filter>
    </ClInclude>
    <ClInclude Include="thread.hpp">
      <Filter>detail</Filter>
    </ClInclude>
    <ClInclude Include="fenced_block.hpp">
      <Filter>detail</Filter>
    </ClInclude>
    <ClInclude Include="global.hpp">
      <Filter>detail</Filter>
    </ClInclude>
    <ClInclude Include="error_code.hpp">
      <Filter>detail</Filter>
    </ClInclude>
    <ClInclude Include="throw_exception.hpp">
      <Filter>detail</Filter>
    </ClInclude>
    <ClInclude Include="select_interrupter.hpp">
      <Filter>detail</Filter>
    </ClInclude>
    <ClInclude Include="thread_info_base.hpp">
      <Filter>detail</Filter>
    </ClInclude>
    <ClInclude Include="scheduler_operation.hpp">
      <Filter>detail</Filter>
    </ClInclude>
    <ClInclude Include="scheduler_thread_info.hpp">
      <Filter>detail</Filter>
    </ClInclude>
    <ClInclude Include="reactor_op.hpp">
      <Filter>detail</Filter>
    </ClInclude>
    <ClInclude Include="execution_context.hpp" />
    <ClInclude Include="service_registry.hpp">
      <Filter>detail</Filter>
    </ClInclude>
    <ClInclude Include="system_executor.hpp" />
    <ClInclude Include="system_context.hpp" />
    <ClInclude Include="scheduler.hpp">
      <Filter>detail</Filter>
    </ClInclude>
    <ClInclude Include="thread_context.hpp">
      <Filter>detail</Filter>
    </ClInclude>
    <ClInclude Include="call_stack.hpp">
      <Filter>detail</Filter>
    </ClInclude>
    <ClInclude Include="executor_op.hpp">
      <Filter>detail</Filter>
    </ClInclude>
    <ClInclude Include="associated_allocator.hpp" />
    <ClInclude Include="associated_executor.hpp" />
    <ClInclude Include="async_result.hpp" />
    <ClInclude Include="epoll_reactor.hpp" />
    <ClInclude Include="handler_alloc_helpers.hpp">
      <Filter>detail</Filter>
    </ClInclude>
    <ClInclude Include="recycling_allocator.hpp">
      <Filter>detail</Filter>
    </ClInclude>
    <ClInclude Include="io_context.hpp" />
    <ClInclude Include="service_registry_helpers.hpp">
      <Filter>detail</Filter>
    </ClInclude>
    <ClInclude Include="signal_blocker.hpp">
      <Filter>detail</Filter>
    </ClInclude>
    <ClInclude Include="associated_allocator2.hpp" />
    <ClInclude Include="has_type_member.hpp">
      <Filter>detail</Filter>
    </ClInclude>
    <ClInclude Include="executor.hpp" />
  </ItemGroup>
  <ItemGroup>
    <ClCompile Include="main.cpp" />
    <ClCompile Include="test_event.hpp">
      <Filter>tests</Filter>
    </ClCompile>
    <ClCompile Include="execution_context.cpp" />
    <ClCompile Include="system_context.cpp" />
    <ClCompile Include="scheduler.cpp">
      <Filter>detail</Filter>
    </ClCompile>
    <ClCompile Include="epoll_reactor.cpp" />
    <ClCompile Include="io_context.cpp" />
  </ItemGroup>
  <ItemGroup>
    <None Include=".clang-format" />
  </ItemGroup>
</Project>