<?xml version="1.0" encoding="utf-8"?>
<Project ToolsVersion="4.0" xmlns="http://schemas.microsoft.com/developer/msbuild/2003">
  <ItemGroup>
    <Filter Include="2.0">
      <UniqueIdentifier>{b23ae642-e549-4da9-8df6-c846f4b35dc8}</UniqueIdentifier>
    </Filter>
    <Filter Include="test">
      <UniqueIdentifier>{b8932297-44d4-4e9f-b95d-9733535efed7}</UniqueIdentifier>
    </Filter>
    <Filter Include="detail">
      <UniqueIdentifier>{6f5d3120-bd4c-4928-8811-2c45129b0ab2}</UniqueIdentifier>
    </Filter>
    <Filter Include="timer">
      <UniqueIdentifier>{f36e309d-715a-4333-81fa-4f517162f6fa}</UniqueIdentifier>
    </Filter>
    <Filter Include="timer\timer_queue">
      <UniqueIdentifier>{b901ba81-cde3-4a38-8e8a-98a5de3eb680}</UniqueIdentifier>
    </Filter>
  </ItemGroup>
  <ItemGroup>
    <ClInclude Include="associated_allocator2.hpp">
      <Filter>2.0</Filter>
    </ClInclude>
    <ClInclude Include="associated_executor2.hpp">
      <Filter>2.0</Filter>
    </ClInclude>
    <ClInclude Include="is_executor2.hpp">
      <Filter>2.0</Filter>
    </ClInclude>
    <ClInclude Include="call_stack.hpp">
      <Filter>detail</Filter>
    </ClInclude>
    <ClInclude Include="conditionally_enabled_event.hpp">
      <Filter>detail</Filter>
    </ClInclude>
    <ClInclude Include="conditionally_enabled_mutex.hpp">
      <Filter>detail</Filter>
    </ClInclude>
    <ClInclude Include="error_code.hpp">
      <Filter>detail</Filter>
    </ClInclude>
    <ClInclude Include="event.hpp">
      <Filter>detail</Filter>
    </ClInclude>
    <ClInclude Include="global.hpp">
      <Filter>detail</Filter>
    </ClInclude>
    <ClInclude Include="fenced_block.hpp">
      <Filter>detail</Filter>
    </ClInclude>
    <ClInclude Include="is_executor.hpp">
      <Filter>detail</Filter>
    </ClInclude>
    <ClInclude Include="mutex.hpp">
      <Filter>detail</Filter>
    </ClInclude>
    <ClInclude Include="op_queue.hpp">
      <Filter>detail</Filter>
    </ClInclude>
    <ClInclude Include="noncopyable.hpp">
      <Filter>detail</Filter>
    </ClInclude>
    <ClInclude Include="object_pool.hpp">
      <Filter>detail</Filter>
    </ClInclude>
    <ClInclude Include="has_type_member.hpp">
      <Filter>detail</Filter>
    </ClInclude>
    <ClInclude Include="recycling_allocator.hpp">
      <Filter>detail</Filter>
    </ClInclude>
    <ClInclude Include="scoped_lock.hpp">
      <Filter>detail</Filter>
    </ClInclude>
    <ClInclude Include="thread.hpp">
      <Filter>detail</Filter>
    </ClInclude>
    <ClInclude Include="thread_group.hpp">
      <Filter>detail</Filter>
    </ClInclude>
    <ClInclude Include="thread_info_base.hpp">
      <Filter>detail</Filter>
    </ClInclude>
    <ClInclude Include="signal_blocker.hpp">
      <Filter>detail</Filter>
    </ClInclude>
    <ClInclude Include="select_interrupter.hpp">
      <Filter>detail</Filter>
    </ClInclude>
    <ClInclude Include="throw_exception.hpp">
      <Filter>detail</Filter>
    </ClInclude>
    <ClInclude Include="thread_context.hpp">
      <Filter>detail</Filter>
    </ClInclude>
    <ClInclude Include="associated_allocator.hpp">
      <Filter>detail</Filter>
    </ClInclude>
    <ClInclude Include="associated_executor.hpp">
      <Filter>detail</Filter>
    </ClInclude>
    <ClInclude Include="service_registry_helpers.hpp">
      <Filter>detail</Filter>
    </ClInclude>
    <ClInclude Include="service_registry2.hpp">
      <Filter>2.0</Filter>
    </ClInclude>
    <ClInclude Include="service_registry.hpp">
      <Filter>detail</Filter>
    </ClInclude>
    <ClInclude Include="scheduler_thread_info.hpp">
      <Filter>detail</Filter>
    </ClInclude>
    <ClInclude Include="scheduler_operation.hpp">
      <Filter>detail</Filter>
    </ClInclude>
    <ClInclude Include="reactor_op.hpp">
      <Filter>detail</Filter>
    </ClInclude>
    <ClInclude Include="handler_alloc_helpers.hpp">
      <Filter>detail</Filter>
    </ClInclude>
    <ClInclude Include="system_context.hpp">
      <Filter>detail</Filter>
    </ClInclude>
    <ClInclude Include="execution_context.hpp">
      <Filter>detail</Filter>
    </ClInclude>
    <ClInclude Include="executor.hpp">
      <Filter>detail</Filter>
    </ClInclude>
    <ClInclude Include="executor_op.hpp">
      <Filter>detail</Filter>
    </ClInclude>
    <ClInclude Include="post.hpp" />
    <ClInclude Include="executor_work_guard.hpp" />
    <ClInclude Include="work_dispatcher.hpp" />
    <ClInclude Include="executor_work_guard2.hpp">
      <Filter>2.0</Filter>
    </ClInclude>
    <ClInclude Include="io_context.hpp" />
    <ClInclude Include="scheduler.hpp" />
    <ClInclude Include="epoll_reactor.hpp" />
    <ClInclude Include="async_result.hpp" />
    <ClInclude Include="system_executor.hpp" />
    <ClInclude Include="config.hpp">
      <Filter>detail</Filter>
    </ClInclude>
    <ClInclude Include="steady_timer.hpp">
      <Filter>timer</Filter>
    </ClInclude>
    <ClInclude Include="basic_waitable_timer.hpp">
      <Filter>timer</Filter>
    </ClInclude>
    <ClInclude Include="deadline_timer_service.hpp">
      <Filter>timer</Filter>
    </ClInclude>
    <ClInclude Include="basic_io_object.hpp">
      <Filter>timer</Filter>
    </ClInclude>
    <ClInclude Include="waitable_timer_service.hpp">
      <Filter>timer</Filter>
    </ClInclude>
    <ClInclude Include="system_timer.hpp">
      <Filter>timer</Filter>
    </ClInclude>
    <ClInclude Include="time_traits.hpp">
      <Filter>timer\timer_queue</Filter>
    </ClInclude>
    <ClInclude Include="timer_queue.hpp">
      <Filter>timer\timer_queue</Filter>
    </ClInclude>
    <ClInclude Include="timer_queue_base.hpp">
      <Filter>timer\timer_queue</Filter>
    </ClInclude>
    <ClInclude Include="chrono_time_traits.hpp">
      <Filter>timer\timer_queue</Filter>
    </ClInclude>
    <ClInclude Include="timer_queue_set.hpp">
      <Filter>timer\timer_queue</Filter>
    </ClInclude>
    <ClInclude Include="detail_deadline_timer_service.hpp">
      <Filter>timer</Filter>
    </ClInclude>
    <ClInclude Include="handler_alloc_hook.hpp">
      <Filter>detail</Filter>
    </ClInclude>
    <ClInclude Include="handler_invoke_hook.hpp">
      <Filter>detail</Filter>
    </ClInclude>
    <ClInclude Include="handler_invoke_helpers.hpp">
      <Filter>detail</Filter>
    </ClInclude>
    <ClInclude Include="handler_work.hpp">
      <Filter>detail</Filter>
    </ClInclude>
    <ClInclude Include="wait_handler.hpp">
      <Filter>detail</Filter>
    </ClInclude>
    <ClInclude Include="wait_op.hpp">
      <Filter>detail</Filter>
    </ClInclude>
    <ClInclude Include="wait_traits.hpp">
      <Filter>detail</Filter>
    </ClInclude>
  </ItemGroup>
  <ItemGroup>
    <ClCompile Include="system_context.cpp">
      <Filter>detail</Filter>
    </ClCompile>
    <ClCompile Include="execution_context.cpp">
      <Filter>detail</Filter>
    </ClCompile>
    <ClCompile Include="io_context.cpp" />
    <ClCompile Include="scheduler.cpp" />
    <ClCompile Include="epoll_reactor.cpp" />
    <ClCompile Include="main.cpp">
      <Filter>test</Filter>
    </ClCompile>
    <ClCompile Include="test_post.cpp">
      <Filter>test</Filter>
    </ClCompile>
    <ClCompile Include="test_associated_executor.cpp">
      <Filter>test</Filter>
    </ClCompile>
    <ClCompile Include="test_associated_allocator.cpp">
      <Filter>test</Filter>
    </ClCompile>
  </ItemGroup>
  <ItemGroup>
    <None Include=".clang-format" />
  </ItemGroup>
</Project>